<Solution>
  <Configurations>
    <Platform Name="Any CPU" />
    <Platform Name="x64" />
    <Platform Name="x86" />
  </Configurations>
  <Folder Name="/shared/">
    <Project Path="shared/Interfold.Contracts/Interfold.Contracts.csproj" />
    <Project Path="shared/Interfold.Domain/Interfold.Domain.csproj" />
    <Project Path="shared/Interfold.Infrastructure/Interfold.Infrastructure.csproj" />
  </Folder>
  <Folder Name="/infrastructure/">
    <Project Path="infrastructure/Interfold.Infrastructure.InMemory/Interfold.Infrastructure.InMemory.csproj" />
    <Project Path="infrastructure/Interfold.Infrastructure.Postgres/Interfold.Infrastructure.Postgres.csproj" />
    <Project Path="infrastructure/Interfold.Infrastructure.Scylla/Interfold.Infrastructure.Scylla.csproj" />
  </Folder>
  <Folder Name="/host/">
    <Project Path="host/Interfold.Api/Interfold.Api.csproj" />
    <Project Path="host/Interfold.Api.Shared/Interfold.Api.Shared.csproj" />
    <Project Path="host/Interfold.AppHost/Interfold.AppHost.csproj" />
    <Project Path="host/Interfold.Bootstrapper/Interfold.Bootstrapper.csproj" />
    <Project Path="host/Interfold.DatabaseBootstrap/Interfold.DatabaseBootstrap.csproj" />
    <Project Path="host/Interfold.ServiceDefaults/Interfold.ServiceDefaults.csproj" />
  </Folder>
  <Folder Name="/tools/">
    <Project Path="tools/Interfold.SPDump/Interfold.SPDump.csproj" />
  </Folder>
  <Folder Name="/tests/">
    <Project Path="tests/Interfold.Api.UnitTests/Interfold.Api.UnitTests.csproj" />
    <Project Path="tests/Interfold.Bootstrapper.IntegrationTests/Interfold.Bootstrapper.IntegrationTests.csproj" />
    <Project Path="tests/Interfold.Bootstrapper.UnitTests/Interfold.Bootstrapper.UnitTests.csproj" />
    <Project Path="tests/Interfold.IntegrationTests/Interfold.IntegrationTests.csproj" />
  </Folder>
</Solution>
